// !$*UTF8*$!
{
	archiveVersion = 1;
	classes = {
	};
	objectVersion = 46;
	objects = {

/* Begin PBXBuildFile section */
		2D7AFB621B4D82FA00F2B40D /* AppDelegate.swift in Sources */ = {isa = PBXBuildFile; fileRef = 2D7AFB611B4D82FA00F2B40D /* AppDelegate.swift */; };
		2D7AFB641B4D82FA00F2B40D /* ViewController.swift in Sources */ = {isa = PBXBuildFile; fileRef = 2D7AFB631B4D82FA00F2B40D /* ViewController.swift */; };
		2D7AFB671B4D82FA00F2B40D /* Main.storyboard in Resources */ = {isa = PBXBuildFile; fileRef = 2D7AFB651B4D82FA00F2B40D /* Main.storyboard */; };
		2D7AFB691B4D82FA00F2B40D /* Images.xcassets in Resources */ = {isa = PBXBuildFile; fileRef = 2D7AFB681B4D82FA00F2B40D /* Images.xcassets */; };
		2D7AFB6C1B4D82FA00F2B40D /* LaunchScreen.xib in Resources */ = {isa = PBXBuildFile; fileRef = 2D7AFB6A1B4D82FA00F2B40D /* LaunchScreen.xib */; };
		2D7AFB781B4D82FA00F2B40D /* iJackpotTests.swift in Sources */ = {isa = PBXBuildFile; fileRef = 2D7AFB771B4D82FA00F2B40D /* iJackpotTests.swift */; };
/* End PBXBuildFile section */

/* Begin PBXContainerItemProxy section */
		2D7AFB721B4D82FA00F2B40D /* PBXContainerItemProxy */ = {
			isa = PBXContainerItemProxy;
			containerPortal = 2D7AFB541B4D82FA00F2B40D /* Project object */;
			proxyType = 1;
			remoteGlobalIDString = 2D7AFB5B1B4D82FA00F2B40D;
			remoteInfo = iJackpot;
		};
/* End PBXContainerItemProxy section */

/* Begin PBXFileReference section */
		2D7AFB5C1B4D82FA00F2B40D /* iJackpot.app */ = {isa = PBXFileReference; explicitFileType = wrapper.application; includeInIndex = 0; path = iJackpot.app; sourceTree = BUILT_PRODUCTS_DIR; };
		2D7AFB601B4D82FA00F2B40D /* Info.plist */ = {isa = PBXFileReference; lastKnownFileType = text.plist.xml; path = Info.plist; sourceTree = "<group>"; };
		2D7AFB611B4D82FA00F2B40D /* AppDelegate.swift */ = {isa = PBXFileReference; lastKnownFileType = sourcecode.swift; path = AppDelegate.swift; sourceTree = "<group>"; };
		2D7AFB631B4D82FA00F2B40D /* ViewController.swift */ = {isa = PBXFileReference; lastKnownFileType = sourcecode.swift; path = ViewController.swift; sourceTree = "<group>"; };
		2D7AFB661B4D82FA00F2B40D /* Base */ = {isa = PBXFileReference; lastKnownFileType = file.storyboard; name = Base; path = Base.lproj/Main.storyboard; sourceTree = "<group>"; };
		2D7AFB681B4D82FA00F2B40D /* Images.xcassets */ = {isa = PBXFileReference; lastKnownFileType = folder.assetcatalog; path = Images.xcassets; sourceTree = "<group>"; };
		2D7AFB6B1B4D82FA00F2B40D /* Base */ = {isa = PBXFileReference; lastKnownFileType = file.xib; name = Base; path = Base.lproj/LaunchScreen.xib; sourceTree = "<group>"; };
		2D7AFB711B4D82FA00F2B40D /* iJackpotTests.xctest */ = {isa = PBXFileReference; explicitFileType = wrapper.cfbundle; includeInIndex = 0; path = iJackpotTests.xctest; sourceTree = BUILT_PRODUCTS_DIR; };
		2D7AFB761B4D82FA00F2B40D /* Info.plist */ = {isa = PBXFileReference; lastKnownFileType = text.plist.xml; path = Info.plist; sourceTree = "<group>"; };
		2D7AFB771B4D82FA00F2B40D /* iJackpotTests.swift */ = {isa = PBXFileReference; lastKnownFileType = sourcecode.swift; path = iJackpotTests.swift; sourceTree = "<group>"; };
/* End PBXFileReference section */

/* Begin PBXFrameworksBuildPhase section */
		2D7AFB591B4D82FA00F2B40D /* Frameworks */ = {
			isa = PBXFrameworksBuildPhase;
			buildActionMask = 2147483647;
			files = (
			);
			runOnlyForDeploymentPostprocessing = 0;
		};
		2D7AFB6E1B4D82FA00F2B40D /* Frameworks */ = {
			isa = PBXFrameworksBuildPhase;
			buildActionMask = 2147483647;
			files = (
			);
			runOnlyForDeploymentPostprocessing = 0;
		};
/* End PBXFrameworksBuildPhase section */

/* Begin PBXGroup section */
		2D7AFB531B4D82FA00F2B40D = {
			isa = PBXGroup;
			children = (
				2D7AFB5E1B4D82FA00F2B40D /* iJackpot */,
				2D7AFB741B4D82FA00F2B40D /* iJackpotTests */,
				2D7AFB5D1B4D82FA00F2B40D /* Products */,
			);
			sourceTree = "<group>";
		};
		2D7AFB5D1B4D82FA00F2B40D /* Products */ = {
			isa = PBXGroup;
			children = (
				2D7AFB5C1B4D82FA00F2B40D /* iJackpot.app */,
				2D7AFB711B4D82FA00F2B40D /* iJackpotTests.xctest */,
			);
			name = Products;
			sourceTree = "<group>";
		};
		2D7AFB5E1B4D82FA00F2B40D /* iJackpot */ = {
			isa = PBXGroup;
			children = (
				2D7AFB611B4D82FA00F2B40D /* AppDelegate.swift */,
				2D7AFB631B4D82FA00F2B40D /* ViewController.swift */,
				2D7AFB651B4D82FA00F2B40D /* Main.storyboard */,
				2D7AFB681B4D82FA00F2B40D /* Images.xcassets */,
				2D7AFB6A1B4D82FA00F2B40D /* LaunchScreen.xib */,
				2D7AFB5F1B4D82FA00F2B40D /* Supporting Files */,
			);
			path = iJackpot;
			sourceTree = "<group>";
		};
		2D7AFB5F1B4D82FA00F2B40D /* Supporting Files */ = {
			isa = PBXGroup;
			children = (
				2D7AFB601B4D82FA00F2B40D /* Info.plist */,
			);
			name = "Supporting Files";
			sourceTree = "<group>";
		};
		2D7AFB741B4D82FA00F2B40D /* iJackpotTests */ = {
			isa = PBXGroup;
			children = (
				2D7AFB771B4D82FA00F2B40D /* iJackpotTests.swift */,
				2D7AFB751B4D82FA00F2B40D /* Supporting Files */,
			);
			path = iJackpotTests;
			sourceTree = "<group>";
		};
		2D7AFB751B4D82FA00F2B40D /* Supporting Files */ = {
			isa = PBXGroup;
			children = (
				2D7AFB761B4D82FA00F2B40D /* Info.plist */,
			);
			name = "Supporting Files";
			sourceTree = "<group>";
		};
/* End PBXGroup section */

/* Begin PBXNativeTarget section */
		2D7AFB5B1B4D82FA00F2B40D /* iJackpot */ = {
			isa = PBXNativeTarget;
			buildConfigurationList = 2D7AFB7B1B4D82FA00F2B40D /* Build configuration list for PBXNativeTarget "iJackpot" */;
			buildPhases = (
				2D7AFB581B4D82FA00F2B40D /* Sources */,
				2D7AFB591B4D82FA00F2B40D /* Frameworks */,
				2D7AFB5A1B4D82FA00F2B40D /* Resources */,
			);
			buildRules = (
			);
			dependencies = (
			);
			name = iJackpot;
			productName = iJackpot;
			productReference = 2D7AFB5C1B4D82FA00F2B40D /* iJackpot.app */;
			productType = "com.apple.product-type.application";
		};
		2D7AFB701B4D82FA00F2B40D /* iJackpotTests */ = {
			isa = PBXNativeTarget;
			buildConfigurationList = 2D7AFB7E1B4D82FA00F2B40D /* Build configuration list for PBXNativeTarget "iJackpotTests" */;
			buildPhases = (
				2D7AFB6D1B4D82FA00F2B40D /* Sources */,
				2D7AFB6E1B4D82FA00F2B40D /* Frameworks */,
				2D7AFB6F1B4D82FA00F2B40D /* Resources */,
			);
			buildRules = (
			);
			dependencies = (
				2D7AFB731B4D82FA00F2B40D /* PBXTargetDependency */,
			);
			name = iJackpotTests;
			productName = iJackpotTests;
			productReference = 2D7AFB711B4D82FA00F2B40D /* iJackpotTests.xctest */;
			productType = "com.apple.product-type.bundle.unit-test";
		};
/* End PBXNativeTarget section */

/* Begin PBXProject section */
		2D7AFB541B4D82FA00F2B40D /* Project object */ = {
			isa = PBXProject;
			attributes = {
				LastUpgradeCheck = 0630;
				ORGANIZATIONNAME = supernova8productions;
				TargetAttributes = {
					2D7AFB5B1B4D82FA00F2B40D = {
						CreatedOnToolsVersion = 6.3.2;
					};
					2D7AFB701B4D82FA00F2B40D = {
						CreatedOnToolsVersion = 6.3.2;
						TestTargetID = 2D7AFB5B1B4D82FA00F2B40D;
					};
				};
			};
			buildConfigurationList = 2D7AFB571B4D82FA00F2B40D /* Build configuration list for PBXProject "iJackpot" */;
			compatibilityVersion = "Xcode 3.2";
			developmentRegion = English;
			hasScannedForEncodings = 0;
			knownRegions = (
				en,
				Base,
			);
			mainGroup = 2D7AFB531B4D82FA00F2B40D;
			productRefGroup = 2D7AFB5D1B4D82FA00F2B40D /* Products */;
			projectDirPath = "";
			projectRoot = "";
			targets = (
				2D7AFB5B1B4D82FA00F2B40D /* iJackpot */,
				2D7AFB701B4D82FA00F2B40D /* iJackpotTests */,
			);
		};
/* End PBXProject section */

/* Begin PBXResourcesBuildPhase section */
		2D7AFB5A1B4D82FA00F2B40D /* Resources */ = {
			isa = PBXResourcesBuildPhase;
			buildActionMask = 2147483647;
			files = (
				2D7AFB671B4D82FA00F2B40D /* Main.storyboard in Resources */,
				2D7AFB6C1B4D82FA00F2B40D /* LaunchScreen.xib in Resources */,
				2D7AFB691B4D82FA00F2B40D /* Images.xcassets in Resources */,
			);
			runOnlyForDeploymentPostprocessing = 0;
		};
		2D7AFB6F1B4D82FA00F2B40D /* Resources */ = {
			isa = PBXResourcesBuildPhase;
			buildActionMask = 2147483647;
			files = (
			);
			runOnlyForDeploymentPostprocessing = 0;
		};
/* End PBXResourcesBuildPhase section */

/* Begin PBXSourcesBuildPhase section */
		2D7AFB581B4D82FA00F2B40D /* Sources */ = {
			isa = PBXSourcesBuildPhase;
			buildActionMask = 2147483647;
			files = (
				2D7AFB641B4D82FA00F2B40D /* ViewController.swift in Sources */,
				2D7AFB621B4D82FA00F2B40D /* AppDelegate.swift in Sources */,
			);
			runOnlyForDeploymentPostprocessing = 0;
		};
		2D7AFB6D1B4D82FA00F2B40D /* Sources */ = {
			isa = PBXSourcesBuildPhase;
			buildActionMask = 2147483647;
			files = (
				2D7AFB781B4D82FA00F2B40D /* iJackpotTests.swift in Sources */,
			);
			runOnlyForDeploymentPostprocessing = 0;
		};
/* End PBXSourcesBuildPhase section */

/* Begin PBXTargetDependency section */
		2D7AFB731B4D82FA00F2B40D /* PBXTargetDependency */ = {
			isa = PBXTargetDependency;
			target = 2D7AFB5B1B4D82FA00F2B40D /* iJackpot */;
			targetProxy = 2D7AFB721B4D82FA00F2B40D /* PBXContainerItemProxy */;
		};
/* End PBXTargetDependency section */

/* Begin PBXVariantGroup section */
		2D7AFB651B4D82FA00F2B40D /* Main.storyboard */ = {
			isa = PBXVariantGroup;
			children = (
				2D7AFB661B4D82FA00F2B40D /* Base */,
			);
			name = Main.storyboard;
			sourceTree = "<group>";
		};
		2D7AFB6A1B4D82FA00F2B40D /* LaunchScreen.xib */ = {
			isa = PBXVariantGroup;
			children = (
				2D7AFB6B1B4D82FA00F2B40D /* Base */,
			);
			name = LaunchScreen.xib;
			sourceTree = "<group>";
		};
/* End PBXVariantGroup section */

/* Begin XCBuildConfiguration section */
		2D7AFB791B4D82FA00F2B40D /* Debug */ = {
			isa = XCBuildConfiguration;
			buildSettings = {
				ALWAYS_SEARCH_USER_PATHS = NO;
				CLANG_CXX_LANGUAGE_STANDARD = "gnu++0x";
				CLANG_CXX_LIBRARY = "libc++";
				CLANG_ENABLE_MODULES = YES;
				CLANG_ENABLE_OBJC_ARC = YES;
				CLANG_WARN_BOOL_CONVERSION = YES;
				CLANG_WARN_CONSTANT_CONVERSION = YES;
				CLANG_WARN_DIRECT_OBJC_ISA_USAGE = YES_ERROR;
				CLANG_WARN_EMPTY_BODY = YES;
				CLANG_WARN_ENUM_CONVERSION = YES;
				CLANG_WARN_INT_CONVERSION = YES;
				CLANG_WARN_OBJC_ROOT_CLASS = YES_ERROR;
				CLANG_WARN_UNREACHABLE_CODE = YES;
				CLANG_WARN__DUPLICATE_METHOD_MATCH = YES;
				"CODE_SIGN_IDENTITY[sdk=iphoneos*]" = "iPhone Developer";
				COPY_PHASE_STRIP = NO;
				DEBUG_INFORMATION_FORMAT = "dwarf-with-dsym";
				ENABLE_STRICT_OBJC_MSGSEND = YES;
				GCC_C_LANGUAGE_STANDARD = gnu99;
				GCC_DYNAMIC_NO_PIC = NO;
				GCC_NO_COMMON_BLOCKS = YES;
				GCC_OPTIMIZATION_LEVEL = 0;
				GCC_PREPROCESSOR_DEFINITIONS = (
					"DEBUG=1",
					"$(inherited)",
				);
				GCC_SYMBOLS_PRIVATE_EXTERN = NO;
				GCC_WARN_64_TO_32_BIT_CONVERSION = YES;
				GCC_WARN_ABOUT_RETURN_TYPE = YES_ERROR;
				GCC_WARN_UNDECLARED_SELECTOR = YES;
				GCC_WARN_UNINITIALIZED_AUTOS = YES_AGGRESSIVE;
				GCC_WARN_UNUSED_FUNCTION = YES;
				GCC_WARN_UNUSED_VARIABLE = YES;
				IPHONEOS_DEPLOYMENT_TARGET = 8.3;
				MTL_ENABLE_DEBUG_INFO = YES;
				ONLY_ACTIVE_ARCH = YES;
				SDKROOT = iphoneos;
				SWIFT_OPTIMIZATION_LEVEL = "-Onone";
				TARGETED_DEVICE_FAMILY = "1,2";
			};
			name = Debug;
		};
		2D7AFB7A1B4D82FA00F2B40D /* Release */ = {
			isa = XCBuildConfiguration;
			buildSettings = {
				ALWAYS_SEARCH_USER_PATHS = NO;
				CLANG_CXX_LANGUAGE_STANDARD = "gnu++0x";
				CLANG_CXX_LIBRARY = "libc++";
				CLANG_ENABLE_MODULES = YES;
				CLANG_ENABLE_OBJC_ARC = YES;
				CLANG_WARN_BOOL_CONVERSION = YES;
				CLANG_WARN_CONSTANT_CONVERSION = YES;
				CLANG_WARN_DIRECT_OBJC_ISA_USAGE = YES_ERROR;
				CLANG_WARN_EMPTY_BODY = YES;
				CLANG_WARN_ENUM_CONVERSION = YES;
				CLANG_WARN_INT_CONVERSION = YES;
				CLANG_WARN_OBJC_ROOT_CLASS = YES_ERROR;
				CLANG_WARN_UNREACHABLE_CODE = YES;
				CLANG_WARN__DUPLICATE_METHOD_MATCH = YES;
				"CODE_SIGN_IDENTITY[sdk=iphoneos*]" = "iPhone Developer";
				COPY_PHASE_STRIP = NO;
				DEBUG_INFORMATION_FORMAT = "dwarf-with-dsym";
				ENABLE_NS_ASSERTIONS = NO;
				ENABLE_STRICT_OBJC_MSGSEND = YES;
				GCC_C_LANGUAGE_STANDARD = gnu99;
				GCC_NO_COMMON_BLOCKS = YES;
				GCC_WARN_64_TO_32_BIT_CONVERSION = YES;
				GCC_WARN_ABOUT_RETURN_TYPE = YES_ERROR;
				GCC_WARN_UNDECLARED_SELECTOR = YES;
				GCC_WARN_UNINITIALIZED_AUTOS = YES_AGGRESSIVE;
				GCC_WARN_UNUSED_FUNCTION = YES;
				GCC_WARN_UNUSED_VARIABLE = YES;
				IPHONEOS_DEPLOYMENT_TARGET = 8.3;
				MTL_ENABLE_DEBUG_INFO = NO;
				SDKROOT = iphoneos;
				TARGETED_DEVICE_FAMILY = "1,2";
				VALIDATE_PRODUCT = YES;
			};
			name = Release;
		};
		2D7AFB7C1B4D82FA00F2B40D /* Debug */ = {
			isa = XCBuildConfiguration;
			buildSettings = {
				ASSETCATALOG_COMPILER_APPICON_NAME = AppIcon;
				INFOPLIST_FILE = iJackpot/Info.plist;
				LD_RUNPATH_SEARCH_PATHS = "$(inherited) @executable_path/Frameworks";
				PRODUCT_NAME = "$(TARGET_NAME)";
			};
			name = Debug;
		};
		2D7AFB7D1B4D82FA00F2B40D /* Release */ = {
			isa = XCBuildConfiguration;
			buildSettings = {
				ASSETCATALOG_COMPILER_APPICON_NAME = AppIcon;
				INFOPLIST_FILE = iJackpot/Info.plist;
				LD_RUNPATH_SEARCH_PATHS = "$(inherited) @executable_path/Frameworks";
				PRODUCT_NAME = "$(TARGET_NAME)";
			};
			name = Release;
		};
		2D7AFB7F1B4D82FA00F2B40D /* Debug */ = {
			isa = XCBuildConfiguration;
			buildSettings = {
				BUNDLE_LOADER = "$(TEST_HOST)";
				FRAMEWORK_SEARCH_PATHS = (
					"$(SDKROOT)/Developer/Library/Frameworks",
					"$(inherited)",
				);
				GCC_PREPROCESSOR_DEFINITIONS = (
					"DEBUG=1",
					"$(inherited)",
				);
				INFOPLIST_FILE = iJackpotTests/Info.plist;
				LD_RUNPATH_SEARCH_PATHS = "$(inherited) @executable_path/Frameworks @loader_path/Frameworks";
				PRODUCT_NAME = "$(TARGET_NAME)";
				TEST_HOST = "$(BUILT_PRODUCTS_DIR)/iJackpot.app/iJackpot";
			};
			name = Debug;
		};
		2D7AFB801B4D82FA00F2B40D /* Release */ = {
			isa = XCBuildConfiguration;
			buildSettings = {
				BUNDLE_LOADER = "$(TEST_HOST)";
				FRAMEWORK_SEARCH_PATHS = (
					"$(SDKROOT)/Developer/Library/Frameworks",
					"$(inherited)",
				);
				INFOPLIST_FILE = iJackpotTests/Info.plist;
				LD_RUNPATH_SEARCH_PATHS = "$(inherited) @executable_path/Frameworks @loader_path/Frameworks";
				PRODUCT_NAME = "$(TARGET_NAME)";
				TEST_HOST = "$(BUILT_PRODUCTS_DIR)/iJackpot.app/iJackpot";
			};
			name = Release;
		};
/* End XCBuildConfiguration section */

/* Begin XCConfigurationList section */
		2D7AFB571B4D82FA00F2B40D /* Build configuration list for PBXProject "iJackpot" */ = {
			isa = XCConfigurationList;
			buildConfigurations = (
				2D7AFB791B4D82FA00F2B40D /* Debug */,
				2D7AFB7A1B4D82FA00F2B40D /* Release */,
			);
			defaultConfigurationIsVisible = 0;
			defaultConfigurationName = Release;
		};
		2D7AFB7B1B4D82FA00F2B40D /* Build configuration list for PBXNativeTarget "iJackpot" */ = {
			isa = XCConfigurationList;
			buildConfigurations = (
				2D7AFB7C1B4D82FA00F2B40D /* Debug */,
				2D7AFB7D1B4D82FA00F2B40D /* Release */,
			);
			defaultConfigurationIsVisible = 0;
		};
		2D7AFB7E1B4D82FA00F2B40D /* Build configuration list for PBXNativeTarget "iJackpotTests" */ = {
			isa = XCConfigurationList;
			buildConfigurations = (
				2D7AFB7F1B4D82FA00F2B40D /* Debug */,
				2D7AFB801B4D82FA00F2B40D /* Release */,
			);
			defaultConfigurationIsVisible = 0;
		};
/* End XCConfigurationList section */
	};
	rootObject = 2D7AFB541B4D82FA00F2B40D /* Project object */;
}
